
Microsoft Visual Studio Solution File, Format Version 12.00
# Visual Studio Version 17
VisualStudioVersion = 17.1.32228.430
MinimumVisualStudioVersion = 10.0.40219.1
Project("{FAE04EC0-301F-11D3-BF4B-00C04F79EFBC}") = "Calculation", "Calculation\Calculation.csproj", "{46E73C70-B0DE-4296-BCFF-8FA68FFEDCF5}"
EndProject
Global
	GlobalSection(SolutionConfigurationPlatforms) = preSolution
		Debug|Any CPU = Debug|Any CPU
		Release|Any CPU = Release|Any CPU
	EndGlobalSection
	GlobalSection(ProjectConfigurationPlatforms) = postSolution
		{46E73C70-B0DE-4296-BCFF-8FA68FFEDCF5}.Debug|Any CPU.ActiveCfg = Debug|Any CPU
		{46E73C70-B0DE-4296-BCFF-8FA68FFEDCF5}.Debug|Any CPU.Build.0 = Debug|Any CPU
		{46E73C70-B0DE-4296-BCFF-8FA68FFEDCF5}.Release|Any CPU.ActiveCfg = Release|Any CPU
		{46E73C70-B0DE-4296-BCFF-8FA68FFEDCF5}.Release|Any CPU.Build.0 = Release|Any CPU
	EndGlobalSection
	GlobalSection(SolutionProperties) = preSolution
		HideSolutionNode = FALSE
	EndGlobalSection
	GlobalSection(ExtensibilityGlobals) = postSolution
		SolutionGuid = {AED238BF-5EE1-4108-A30F-A24B408D1B0F}
	EndGlobalSection
EndGlobal
